# This file is autogenerated, do not edit; changes may be undone by the next 'dep ensure'.


[[projects]]
  branch = "master"
  name = "golang.org/x/tools"
  packages = ["blog/atom"]
  revision = "ae8cc594552814363a7aeeb4f2825515a771fa38"

[solve-meta]
  analyzer-name = "dep"
  analyzer-version = 1
  inputs-digest = "3004f534d81181ac8dc6b7003bc1aefd9fc1746991cfc2e9811f0ee2cdad555f"
  solver-name = "gps-cdcl"
  solver-version = 1
